Microsoft Visual Studio Solution File, Format Version 7.00
Project("{FAE04EC0-301F-11D3-BF4B-00C04F79EFBC}") = "ManyMonkeysEncryptionUtils", "..\ManyMonkeysEncryption\ManyMonkeysEncryptionUtils.csproj", "{40EDDBEA-D580-483A-BA0D-163127984E3C}"
EndProject
Project("{FAE04EC0-301F-11D3-BF4B-00C04F79EFBC}") = "TwofishTest", "..\TwofishTest\TwofishTest.csproj", "{ADE56472-9E5D-45D8-8E4D-C93719690956}"
EndProject
Global
	GlobalSection(SolutionConfiguration) = preSolution
		ConfigName.0 = Debug
		ConfigName.1 = Release
	EndGlobalSection
	GlobalSection(ProjectDependencies) = postSolution
	EndGlobalSection
	GlobalSection(ProjectConfiguration) = postSolution
		{40EDDBEA-D580-483A-BA0D-163127984E3C}.Debug.ActiveCfg = Debug|.NET
		{40EDDBEA-D580-483A-BA0D-163127984E3C}.Debug.Build.0 = Debug|.NET
		{40EDDBEA-D580-483A-BA0D-163127984E3C}.Release.ActiveCfg = Release|.NET
		{40EDDBEA-D580-483A-BA0D-163127984E3C}.Release.Build.0 = Release|.NET
		{ADE56472-9E5D-45D8-8E4D-C93719690956}.Debug.ActiveCfg = Debug|.NET
		{ADE56472-9E5D-45D8-8E4D-C93719690956}.Debug.Build.0 = Debug|.NET
		{ADE56472-9E5D-45D8-8E4D-C93719690956}.Release.ActiveCfg = Release|.NET
		{ADE56472-9E5D-45D8-8E4D-C93719690956}.Release.Build.0 = Release|.NET
	EndGlobalSection
	GlobalSection(ExtensibilityGlobals) = postSolution
	EndGlobalSection
	GlobalSection(ExtensibilityAddIns) = postSolution
	EndGlobalSection
EndGlobal
